
Microsoft Visual Studio Solution File, Format Version 12.00
# Visual Studio Version 16
VisualStudioVersion = 16.0.31025.194
MinimumVisualStudioVersion = 10.0.40219.1
Project("{2150E333-8FDC-42A3-9474-1A3956D46DE8}") = "Solution Items", "Solution Items", "{2911B25A-00B7-4DED-B54C-6C7DD22FE0F7}"
	ProjectSection(SolutionItems) = preProject
		.editorconfig = .editorconfig
		.gitattributes = .gitattributes
		.gitignore = .gitignore
		Directory.Build.props = Directory.Build.props
		LICENSE = LICENSE
		Readme.md = Readme.md
	EndProjectSection
EndProject
Project("{2150E333-8FDC-42A3-9474-1A3956D46DE8}") = "Source", "Source", "{188C9595-310F-435E-AD9A-311D5268B05F}"
EndProject
Project("{FAE04EC0-301F-11D3-BF4B-00C04F79EFBC}") = "Crocodal", "src\Crocodal\Crocodal.csproj", "{3C4F7633-6D25-4153-9A4E-4B6EFD89F3DB}"
EndProject
Project("{2150E333-8FDC-42A3-9474-1A3956D46DE8}") = "Samples", "Samples", "{9DD93910-297C-42F5-B97B-2169CB4B3C26}"
EndProject
Project("{2150E333-8FDC-42A3-9474-1A3956D46DE8}") = "Tests", "Tests", "{8E81F6AE-14BB-43CA-8313-5B8CD7E56BBC}"
EndProject
Project("{2150E333-8FDC-42A3-9474-1A3956D46DE8}") = "Workflows", "Workflows", "{385FEB43-6ED7-40B7-A569-B78BE129C532}"
	ProjectSection(SolutionItems) = preProject
		.github\workflows\build-and-push.yml = .github\workflows\build-and-push.yml
		.github\workflows\build.yml = .github\workflows\build.yml
	EndProjectSection
EndProject
Project("{FAE04EC0-301F-11D3-BF4B-00C04F79EFBC}") = "Crocodal.Tests", "test\Crocodal.Tests\Crocodal.Tests.csproj", "{81454E77-85FA-4AF6-BAB2-28663443872E}"
EndProject
Project("{FAE04EC0-301F-11D3-BF4B-00C04F79EFBC}") = "Crocodal.Samples", "samples\Crocodal.Samples\Crocodal.Samples.csproj", "{A091C658-8F01-4D04-AF4D-6BDA5A028950}"
EndProject
Project("{FAE04EC0-301F-11D3-BF4B-00C04F79EFBC}") = "Crocodal.Abstractions", "src\Crocodal.Abstractions\Crocodal.Abstractions.csproj", "{202CE179-9740-4CA4-8D22-22E78401F0BD}"
EndProject
Project("{FAE04EC0-301F-11D3-BF4B-00C04F79EFBC}") = "Crocodal.Transpiler", "src\Crocodal.Transpiler\Crocodal.Transpiler.csproj", "{4360CA45-C98E-46A3-96E8-5E81AF6788F7}"
EndProject
Project("{FAE04EC0-301F-11D3-BF4B-00C04F79EFBC}") = "Crocodal.Transpiler.Tests", "test\Crocodal.Transpiler.Tests\Crocodal.Transpiler.Tests.csproj", "{8601E920-F04C-4B49-9BD1-8025F17EA905}"
EndProject
Project("{FAE04EC0-301F-11D3-BF4B-00C04F79EFBC}") = "Crocodal.Core", "src\Crocodal.Core\Crocodal.Core.csproj", "{6F5880AD-1C25-4BED-9B7E-90A1729AA438}"
EndProject
Global
	GlobalSection(SolutionConfigurationPlatforms) = preSolution
		Debug|Any CPU = Debug|Any CPU
		Release|Any CPU = Release|Any CPU
	EndGlobalSection
	GlobalSection(ProjectConfigurationPlatforms) = postSolution
		{3C4F7633-6D25-4153-9A4E-4B6EFD89F3DB}.Debug|Any CPU.ActiveCfg = Debug|Any CPU
		{3C4F7633-6D25-4153-9A4E-4B6EFD89F3DB}.Debug|Any CPU.Build.0 = Debug|Any CPU
		{3C4F7633-6D25-4153-9A4E-4B6EFD89F3DB}.Release|Any CPU.ActiveCfg = Release|Any CPU
		{3C4F7633-6D25-4153-9A4E-4B6EFD89F3DB}.Release|Any CPU.Build.0 = Release|Any CPU
		{81454E77-85FA-4AF6-BAB2-28663443872E}.Debug|Any CPU.ActiveCfg = Debug|Any CPU
		{81454E77-85FA-4AF6-BAB2-28663443872E}.Debug|Any CPU.Build.0 = Debug|Any CPU
		{81454E77-85FA-4AF6-BAB2-28663443872E}.Release|Any CPU.ActiveCfg = Release|Any CPU
		{81454E77-85FA-4AF6-BAB2-28663443872E}.Release|Any CPU.Build.0 = Release|Any CPU
		{A091C658-8F01-4D04-AF4D-6BDA5A028950}.Debug|Any CPU.ActiveCfg = Debug|Any CPU
		{A091C658-8F01-4D04-AF4D-6BDA5A028950}.Debug|Any CPU.Build.0 = Debug|Any CPU
		{A091C658-8F01-4D04-AF4D-6BDA5A028950}.Release|Any CPU.ActiveCfg = Release|Any CPU
		{A091C658-8F01-4D04-AF4D-6BDA5A028950}.Release|Any CPU.Build.0 = Release|Any CPU
		{202CE179-9740-4CA4-8D22-22E78401F0BD}.Debug|Any CPU.ActiveCfg = Debug|Any CPU
		{202CE179-9740-4CA4-8D22-22E78401F0BD}.Debug|Any CPU.Build.0 = Debug|Any CPU
		{202CE179-9740-4CA4-8D22-22E78401F0BD}.Release|Any CPU.ActiveCfg = Release|Any CPU
		{202CE179-9740-4CA4-8D22-22E78401F0BD}.Release|Any CPU.Build.0 = Release|Any CPU
		{4360CA45-C98E-46A3-96E8-5E81AF6788F7}.Debug|Any CPU.ActiveCfg = Debug|Any CPU
		{4360CA45-C98E-46A3-96E8-5E81AF6788F7}.Debug|Any CPU.Build.0 = Debug|Any CPU
		{4360CA45-C98E-46A3-96E8-5E81AF6788F7}.Release|Any CPU.ActiveCfg = Release|Any CPU
		{4360CA45-C98E-46A3-96E8-5E81AF6788F7}.Release|Any CPU.Build.0 = Release|Any CPU
		{8601E920-F04C-4B49-9BD1-8025F17EA905}.Debug|Any CPU.ActiveCfg = Debug|Any CPU
		{8601E920-F04C-4B49-9BD1-8025F17EA905}.Debug|Any CPU.Build.0 = Debug|Any CPU
		{8601E920-F04C-4B49-9BD1-8025F17EA905}.Release|Any CPU.ActiveCfg = Release|Any CPU
		{8601E920-F04C-4B49-9BD1-8025F17EA905}.Release|Any CPU.Build.0 = Release|Any CPU
		{6F5880AD-1C25-4BED-9B7E-90A1729AA438}.Debug|Any CPU.ActiveCfg = Debug|Any CPU
		{6F5880AD-1C25-4BED-9B7E-90A1729AA438}.Debug|Any CPU.Build.0 = Debug|Any CPU
		{6F5880AD-1C25-4BED-9B7E-90A1729AA438}.Release|Any CPU.ActiveCfg = Release|Any CPU
		{6F5880AD-1C25-4BED-9B7E-90A1729AA438}.Release|Any CPU.Build.0 = Release|Any CPU
	EndGlobalSection
	GlobalSection(SolutionProperties) = preSolution
		HideSolutionNode = FALSE
	EndGlobalSection
	GlobalSection(NestedProjects) = preSolution
		{3C4F7633-6D25-4153-9A4E-4B6EFD89F3DB} = {188C9595-310F-435E-AD9A-311D5268B05F}
		{385FEB43-6ED7-40B7-A569-B78BE129C532} = {2911B25A-00B7-4DED-B54C-6C7DD22FE0F7}
		{81454E77-85FA-4AF6-BAB2-28663443872E} = {8E81F6AE-14BB-43CA-8313-5B8CD7E56BBC}
		{A091C658-8F01-4D04-AF4D-6BDA5A028950} = {9DD93910-297C-42F5-B97B-2169CB4B3C26}
		{202CE179-9740-4CA4-8D22-22E78401F0BD} = {188C9595-310F-435E-AD9A-311D5268B05F}
		{4360CA45-C98E-46A3-96E8-5E81AF6788F7} = {188C9595-310F-435E-AD9A-311D5268B05F}
		{8601E920-F04C-4B49-9BD1-8025F17EA905} = {8E81F6AE-14BB-43CA-8313-5B8CD7E56BBC}
		{6F5880AD-1C25-4BED-9B7E-90A1729AA438} = {188C9595-310F-435E-AD9A-311D5268B05F}
	EndGlobalSection
	GlobalSection(ExtensibilityGlobals) = postSolution
		SolutionGuid = {2DAA8A6F-63F9-4763-A4C1-8FBF1603C0BD}
	EndGlobalSection
EndGlobal
